
Microsoft Visual Studio Solution File, Format Version 12.00
# Visual Studio Version 17
VisualStudioVersion = 17.10.35004.147
MinimumVisualStudioVersion = 10.0.40219.1
Project("{FAE04EC0-301F-11D3-BF4B-00C04F79EFBC}") = "Projekt", "Projekt\Projekt.csproj", "{5109E760-EB13-49F3-8635-E6B972F5ED55}"
EndProject
Global
	GlobalSection(SolutionConfigurationPlatforms) = preSolution
		Debug|Any CPU = Debug|Any CPU
		Release|Any CPU = Release|Any CPU
	EndGlobalSection
	GlobalSection(ProjectConfigurationPlatforms) = postSolution
		{5109E760-EB13-49F3-8635-E6B972F5ED55}.Debug|Any CPU.ActiveCfg = Debug|Any CPU
		{5109E760-EB13-49F3-8635-E6B972F5ED55}.Debug|Any CPU.Build.0 = Debug|Any CPU
		{5109E760-EB13-49F3-8635-E6B972F5ED55}.Release|Any CPU.ActiveCfg = Release|Any CPU
		{5109E760-EB13-49F3-8635-E6B972F5ED55}.Release|Any CPU.Build.0 = Release|Any CPU
	EndGlobalSection
	GlobalSection(SolutionProperties) = preSolution
		HideSolutionNode = FALSE
	EndGlobalSection
	GlobalSection(ExtensibilityGlobals) = postSolution
		SolutionGuid = {1F918DF7-5DD5-4AD3-B446-E69F8542514F}
	EndGlobalSection
EndGlobal
